
Microsoft Visual Studio Solution File, Format Version 12.00
# Visual Studio Version 17
VisualStudioVersion = 17.11.35222.181
MinimumVisualStudioVersion = 10.0.40219.1
Project("{FAE04EC0-301F-11D3-BF4B-00C04F79EFBC}") = "TechWebApplication", "TechWebApplication.csproj", "{A61F8728-F695-404C-9E85-D0849FD4DA61}"
EndProject
Global
	GlobalSection(SolutionConfigurationPlatforms) = preSolution
		Debug|Any CPU = Debug|Any CPU
		Release|Any CPU = Release|Any CPU
	EndGlobalSection
	GlobalSection(ProjectConfigurationPlatforms) = postSolution
		{A61F8728-F695-404C-9E85-D0849FD4DA61}.Debug|Any CPU.ActiveCfg = Debug|Any CPU
		{A61F8728-F695-404C-9E85-D0849FD4DA61}.Debug|Any CPU.Build.0 = Debug|Any CPU
		{A61F8728-F695-404C-9E85-D0849FD4DA61}.Release|Any CPU.ActiveCfg = Release|Any CPU
		{A61F8728-F695-404C-9E85-D0849FD4DA61}.Release|Any CPU.Build.0 = Release|Any CPU
	EndGlobalSection
	GlobalSection(SolutionProperties) = preSolution
		HideSolutionNode = FALSE
	EndGlobalSection
	GlobalSection(ExtensibilityGlobals) = postSolution
		SolutionGuid = {E18952A0-6AF4-4DB3-8368-4BE18A3299D2}
	EndGlobalSection
EndGlobal
